
Microsoft Visual Studio Solution File, Format Version 12.00
# Visual Studio 15
VisualStudioVersion = 15.0.27004.2010
MinimumVisualStudioVersion = 10.0.40219.1
Project("{FAE04EC0-301F-11D3-BF4B-00C04F79EFBC}") = "AugmentedKeyBoardSound", "AugmentedKeyBoardSound\AugmentedKeyBoardSound.csproj", "{17DFFEBE-F6B0-4E6B-A52A-BF8C2FE21324}"
EndProject
Global
	GlobalSection(SolutionConfigurationPlatforms) = preSolution
		Debug|Any CPU = Debug|Any CPU
		Release|Any CPU = Release|Any CPU
	EndGlobalSection
	GlobalSection(ProjectConfigurationPlatforms) = postSolution
		{17DFFEBE-F6B0-4E6B-A52A-BF8C2FE21324}.Debug|Any CPU.ActiveCfg = Debug|Any CPU
		{17DFFEBE-F6B0-4E6B-A52A-BF8C2FE21324}.Debug|Any CPU.Build.0 = Debug|Any CPU
		{17DFFEBE-F6B0-4E6B-A52A-BF8C2FE21324}.Release|Any CPU.ActiveCfg = Release|Any CPU
		{17DFFEBE-F6B0-4E6B-A52A-BF8C2FE21324}.Release|Any CPU.Build.0 = Release|Any CPU
	EndGlobalSection
	GlobalSection(SolutionProperties) = preSolution
		HideSolutionNode = FALSE
	EndGlobalSection
	GlobalSection(ExtensibilityGlobals) = postSolution
		SolutionGuid = {8C4FE8CB-5F7B-41D6-8CC7-428909473FA8}
	EndGlobalSection
EndGlobal
